{
  "name": "wxapp-phaser-spike",
  "version": "0.0.1",
  "lockfileVersion": 3,
  "requires": true,
  "packages": {
    "": {
      "name": "wxapp-phaser-spike",
      "version": "0.0.1",
      "hasInstallScript": true,
      "dependencies": {
        "phaser": "4.2.1",
        "phaser3spectorjs": "^0.0.8"
      }
    },
    "node_modules/eventemitter3": {
      "version": "5.0.4",
      "resolved": "https://registry.npmjs.org/eventemitter3/-/eventemitter3-5.0.4.tgz",
      "integrity": "sha512-mlsTRyGaPBjPedk6Bvw+aqbsXDtoAyAzm5MO7JgU+yVRyMQ5O8bD4Kcci7BS85f93veegeCPkL8R4GLClnjLFw==",
      "license": "MIT"
    },
    "node_modules/phaser": {
      "version": "4.2.1",
      "resolved": "https://registry.npmjs.org/phaser/-/phaser-4.2.1.tgz",
      "integrity": "sha512-WUNwCPJpdjvZiuT6SgCfYVW8Qw/3j0jJ4ws7P2QkhFLFu74sbGuyHJcbFueGkY/AYO4Pi47bNQXn1OCJeLX//w==",
      "license": "MIT",
      "dependencies": {
        "eventemitter3": "^5.0.4"
      }
    },
    "node_modules/phaser3spectorjs": {
      "version": "0.0.8",
      "resolved": "https://registry.npmjs.org/phaser3spectorjs/-/phaser3spectorjs-0.0.8.tgz",
      "integrity": "sha512-0dSO7/aMjEUPrp5EcjRvRRsEf+jXDbmzalPeJ6VtTB2Pn1PeaKc+qlL/DmO3l1Dvc5lkzc+Sil1Ta+Hkyi5cbA==",
      "license": "MIT"
    }
  }
}
